
Microsoft Visual Studio Solution File, Format Version 12.00
# Visual Studio Version 17
VisualStudioVersion = 17.13.35825.156 d17.13
MinimumVisualStudioVersion = 10.0.40219.1
Project("{FAE04EC0-301F-11D3-BF4B-00C04F79EFBC}") = "CRMLeads", "CRMLeads\CRMLeads.csproj", "{56EC5204-100A-48FC-B252-D2CF300A4C11}"
EndProject
Global
	GlobalSection(SolutionConfigurationPlatforms) = preSolution
		Debug|Any CPU = Debug|Any CPU
		Release|Any CPU = Release|Any CPU
	EndGlobalSection
	GlobalSection(ProjectConfigurationPlatforms) = postSolution
		{56EC5204-100A-48FC-B252-D2CF300A4C11}.Debug|Any CPU.ActiveCfg = Debug|Any CPU
		{56EC5204-100A-48FC-B252-D2CF300A4C11}.Debug|Any CPU.Build.0 = Debug|Any CPU
		{56EC5204-100A-48FC-B252-D2CF300A4C11}.Release|Any CPU.ActiveCfg = Release|Any CPU
		{56EC5204-100A-48FC-B252-D2CF300A4C11}.Release|Any CPU.Build.0 = Release|Any CPU
	EndGlobalSection
	GlobalSection(SolutionProperties) = preSolution
		HideSolutionNode = FALSE
	EndGlobalSection
	GlobalSection(ExtensibilityGlobals) = postSolution
		SolutionGuid = {76C2DD96-CCB7-4BDB-8DFA-D0D7078A9D79}
	EndGlobalSection
EndGlobal
